// !$*UTF8*$!
{
	archiveVersion = 1;
	classes = {
	};
	objectVersion = 50;
	objects = {

/* Begin PBXBuildFile section */
		5CBC1DD22106639D0008A6FF /* AppDelegate.swift in Sources */ = {isa = PBXBuildFile; fileRef = 5CBC1DD12106639D0008A6FF /* AppDelegate.swift */; };
		5CBC1DD42106639D0008A6FF /* ViewController.swift in Sources */ = {isa = PBXBuildFile; fileRef = 5CBC1DD32106639D0008A6FF /* ViewController.swift */; };
		5CBC1DD72106639D0008A6FF /* Main.storyboard in Resources */ = {isa = PBXBuildFile; fileRef = 5CBC1DD52106639D0008A6FF /* Main.storyboard */; };
		5CBC1DD92106639F0008A6FF /* Assets.xcassets in Resources */ = {isa = PBXBuildFile; fileRef = 5CBC1DD82106639F0008A6FF /* Assets.xcassets */; };
		5CBC1DDC2106639F0008A6FF /* LaunchScreen.storyboard in Resources */ = {isa = PBXBuildFile; fileRef = 5CBC1DDA2106639F0008A6FF /* LaunchScreen.storyboard */; };
		5CBC1DE5210668EA0008A6FF /* CustomViewController.swift in Sources */ = {isa = PBXBuildFile; fileRef = 5CBC1DE3210668EA0008A6FF /* CustomViewController.swift */; };
		5CBC1DE6210668EA0008A6FF /* CustomViewController.xib in Resources */ = {isa = PBXBuildFile; fileRef = 5CBC1DE4210668EA0008A6FF /* CustomViewController.xib */; };
		79635E2909E32860141982DC /* Pods_All_Sample.framework in Frameworks */ = {isa = PBXBuildFile; fileRef = D6E3313BAB27361E677F804A /* Pods_All_Sample.framework */; };
/* End PBXBuildFile section */

/* Begin PBXFileReference section */
		349E25324D9444CE173AE03F /* Pods-All-Sample.debug.xcconfig */ = {isa = PBXFileReference; includeInIndex = 1; lastKnownFileType = text.xcconfig; name = "Pods-All-Sample.debug.xcconfig"; path = "Pods/Target Support Files/Pods-All-Sample/Pods-All-Sample.debug.xcconfig"; sourceTree = "<group>"; };
		5CBC1DCE2106639D0008A6FF /* Sample.app */ = {isa = PBXFileReference; explicitFileType = wrapper.application; includeInIndex = 0; path = Sample.app; sourceTree = BUILT_PRODUCTS_DIR; };
		5CBC1DD12106639D0008A6FF /* AppDelegate.swift */ = {isa = PBXFileReference; lastKnownFileType = sourcecode.swift; path = AppDelegate.swift; sourceTree = "<group>"; };
		5CBC1DD32106639D0008A6FF /* ViewController.swift */ = {isa = PBXFileReference; lastKnownFileType = sourcecode.swift; path = ViewController.swift; sourceTree = "<group>"; };
		5CBC1DD62106639D0008A6FF /* Base */ = {isa = PBXFileReference; lastKnownFileType = file.storyboard; name = Base; path = Base.lproj/Main.storyboard; sourceTree = "<group>"; };
		5CBC1DD82106639F0008A6FF /* Assets.xcassets */ = {isa = PBXFileReference; lastKnownFileType = folder.assetcatalog; path = Assets.xcassets; sourceTree = "<group>"; };
		5CBC1DDB2106639F0008A6FF /* Base */ = {isa = PBXFileReference; lastKnownFileType = file.storyboard; name = Base; path = Base.lproj/LaunchScreen.storyboard; sourceTree = "<group>"; };
		5CBC1DDD2106639F0008A6FF /* Info.plist */ = {isa = PBXFileReference; lastKnownFileType = text.plist.xml; path = Info.plist; sourceTree = "<group>"; };
		5CBC1DE3210668EA0008A6FF /* CustomViewController.swift */ = {isa = PBXFileReference; lastKnownFileType = sourcecode.swift; path = CustomViewController.swift; sourceTree = "<group>"; };
		5CBC1DE4210668EA0008A6FF /* CustomViewController.xib */ = {isa = PBXFileReference; lastKnownFileType = file.xib; path = CustomViewController.xib; sourceTree = "<group>"; };
		5CEC1DFC22658600003194AE /* README.adoc */ = {isa = PBXFileReference; lastKnownFileType = text; name = README.adoc; path = ../README.adoc; sourceTree = "<group>"; };
		5CEC1DFD22658600003194AE /* PopupAlertController.podspec */ = {isa = PBXFileReference; lastKnownFileType = text; name = PopupAlertController.podspec; path = ../PopupAlertController.podspec; sourceTree = "<group>"; };
		815051A35DDA83A9EC752D36 /* Pods-All-Sample.release.xcconfig */ = {isa = PBXFileReference; includeInIndex = 1; lastKnownFileType = text.xcconfig; name = "Pods-All-Sample.release.xcconfig"; path = "Pods/Target Support Files/Pods-All-Sample/Pods-All-Sample.release.xcconfig"; sourceTree = "<group>"; };
		D6E3313BAB27361E677F804A /* Pods_All_Sample.framework */ = {isa = PBXFileReference; explicitFileType = wrapper.framework; includeInIndex = 0; path = Pods_All_Sample.framework; sourceTree = BUILT_PRODUCTS_DIR; };
/* End PBXFileReference section */

/* Begin PBXFrameworksBuildPhase section */
		5CBC1DCB2106639D0008A6FF /* Frameworks */ = {
			isa = PBXFrameworksBuildPhase;
			buildActionMask = 2147483647;
			files = (
				79635E2909E32860141982DC /* Pods_All_Sample.framework in Frameworks */,
			);
			runOnlyForDeploymentPostprocessing = 0;
		};
/* End PBXFrameworksBuildPhase section */

/* Begin PBXGroup section */
		1DCB50C43C1770C251455F26 /* Pods */ = {
			isa = PBXGroup;
			children = (
				349E25324D9444CE173AE03F /* Pods-All-Sample.debug.xcconfig */,
				815051A35DDA83A9EC752D36 /* Pods-All-Sample.release.xcconfig */,
			);
			name = Pods;
			sourceTree = "<group>";
		};
		5CBC1DC52106639D0008A6FF = {
			isa = PBXGroup;
			children = (
				5CEC1DFD22658600003194AE /* PopupAlertController.podspec */,
				5CEC1DFC22658600003194AE /* README.adoc */,
				5CBC1DD02106639D0008A6FF /* Sample */,
				5CBC1DCF2106639D0008A6FF /* Products */,
				1DCB50C43C1770C251455F26 /* Pods */,
				C9DF70B7BB91EFF8DD6BC8CC /* Frameworks */,
			);
			sourceTree = "<group>";
		};
		5CBC1DCF2106639D0008A6FF /* Products */ = {
			isa = PBXGroup;
			children = (
				5CBC1DCE2106639D0008A6FF /* Sample.app */,
			);
			name = Products;
			sourceTree = "<group>";
		};
		5CBC1DD02106639D0008A6FF /* Sample */ = {
			isa = PBXGroup;
			children = (
				5CBC1DD12106639D0008A6FF /* AppDelegate.swift */,
				5CBC1DD32106639D0008A6FF /* ViewController.swift */,
				5CBC1DE3210668EA0008A6FF /* CustomViewController.swift */,
				5CBC1DE4210668EA0008A6FF /* CustomViewController.xib */,
				5CBC1DD52106639D0008A6FF /* Main.storyboard */,
				5CBC1DD82106639F0008A6FF /* Assets.xcassets */,
				5CBC1DDA2106639F0008A6FF /* LaunchScreen.storyboard */,
				5CBC1DDD2106639F0008A6FF /* Info.plist */,
			);
			path = Sample;
			sourceTree = "<group>";
		};
		C9DF70B7BB91EFF8DD6BC8CC /* Frameworks */ = {
			isa = PBXGroup;
			children = (
				D6E3313BAB27361E677F804A /* Pods_All_Sample.framework */,
			);
			name = Frameworks;
			sourceTree = "<group>";
		};
/* End PBXGroup section */

/* Begin PBXNativeTarget section */
		5CBC1DCD2106639D0008A6FF /* Sample */ = {
			isa = PBXNativeTarget;
			buildConfigurationList = 5CBC1DE02106639F0008A6FF /* Build configuration list for PBXNativeTarget "Sample" */;
			buildPhases = (
				3C0372D62D6967CC884746B0 /* [CP] Check Pods Manifest.lock */,
				5CBC1DCA2106639D0008A6FF /* Sources */,
				5CBC1DCB2106639D0008A6FF /* Frameworks */,
				5CBC1DCC2106639D0008A6FF /* Resources */,
				1670A28E9F95F2D00D6A209F /* [CP] Embed Pods Frameworks */,
			);
			buildRules = (
			);
			dependencies = (
			);
			name = Sample;
			productName = Sample;
			productReference = 5CBC1DCE2106639D0008A6FF /* Sample.app */;
			productType = "com.apple.product-type.application";
		};
/* End PBXNativeTarget section */

/* Begin PBXProject section */
		5CBC1DC62106639D0008A6FF /* Project object */ = {
			isa = PBXProject;
			attributes = {
				LastSwiftUpdateCheck = 0940;
				LastUpgradeCheck = 0940;
				ORGANIZATIONNAME = "Bushtit Lab";
				TargetAttributes = {
					5CBC1DCD2106639D0008A6FF = {
						CreatedOnToolsVersion = 9.4;
						LastSwiftMigration = 1020;
					};
				};
			};
			buildConfigurationList = 5CBC1DC92106639D0008A6FF /* Build configuration list for PBXProject "Sample" */;
			compatibilityVersion = "Xcode 9.3";
			developmentRegion = en;
			hasScannedForEncodings = 0;
			knownRegions = (
				en,
				Base,
			);
			mainGroup = 5CBC1DC52106639D0008A6FF;
			productRefGroup = 5CBC1DCF2106639D0008A6FF /* Products */;
			projectDirPath = "";
			projectRoot = "";
			targets = (
				5CBC1DCD2106639D0008A6FF /* Sample */,
			);
		};
/* End PBXProject section */

/* Begin PBXResourcesBuildPhase section */
		5CBC1DCC2106639D0008A6FF /* Resources */ = {
			isa = PBXResourcesBuildPhase;
			buildActionMask = 2147483647;
			files = (
				5CBC1DDC2106639F0008A6FF /* LaunchScreen.storyboard in Resources */,
				5CBC1DD92106639F0008A6FF /* Assets.xcassets in Resources */,
				5CBC1DD72106639D0008A6FF /* Main.storyboard in Resources */,
				5CBC1DE6210668EA0008A6FF /* CustomViewController.xib in Resources */,
			);
			runOnlyForDeploymentPostprocessing = 0;
		};
/* End PBXResourcesBuildPhase section */

/* Begin PBXShellScriptBuildPhase section */
		1670A28E9F95F2D00D6A209F /* [CP] Embed Pods Frameworks */ = {
			isa = PBXShellScriptBuildPhase;
			buildActionMask = 2147483647;
			files = (
			);
			inputPaths = (
				"${SRCROOT}/Pods/Target Support Files/Pods-All-Sample/Pods-All-Sample-frameworks.sh",
				"${BUILT_PRODUCTS_DIR}/EABlurView/EABlurView.framework",
				"${BUILT_PRODUCTS_DIR}/PopupAlertController/PopupAlertController.framework",
			);
			name = "[CP] Embed Pods Frameworks";
			outputPaths = (
				"${TARGET_BUILD_DIR}/${FRAMEWORKS_FOLDER_PATH}/EABlurView.framework",
				"${TARGET_BUILD_DIR}/${FRAMEWORKS_FOLDER_PATH}/PopupAlertController.framework",
			);
			runOnlyForDeploymentPostprocessing = 0;
			shellPath = /bin/sh;
			shellScript = "\"${SRCROOT}/Pods/Target Support Files/Pods-All-Sample/Pods-All-Sample-frameworks.sh\"\n";
			showEnvVarsInLog = 0;
		};
		3C0372D62D6967CC884746B0 /* [CP] Check Pods Manifest.lock */ = {
			isa = PBXShellScriptBuildPhase;
			buildActionMask = 2147483647;
			files = (
			);
			inputPaths = (
				"${PODS_PODFILE_DIR_PATH}/Podfile.lock",
				"${PODS_ROOT}/Manifest.lock",
			);
			name = "[CP] Check Pods Manifest.lock";
			outputPaths = (
				"$(DERIVED_FILE_DIR)/Pods-All-Sample-checkManifestLockResult.txt",
			);
			runOnlyForDeploymentPostprocessing = 0;
			shellPath = /bin/sh;
			shellScript = "diff \"${PODS_PODFILE_DIR_PATH}/Podfile.lock\" \"${PODS_ROOT}/Manifest.lock\" > /dev/null\nif [ $? != 0 ] ; then\n    # print error to STDERR\n    echo \"error: The sandbox is not in sync with the Podfile.lock. Run 'pod install' or update your CocoaPods installation.\" >&2\n    exit 1\nfi\n# This output is used by Xcode 'outputs' to avoid re-running this script phase.\necho \"SUCCESS\" > \"${SCRIPT_OUTPUT_FILE_0}\"\n";
			showEnvVarsInLog = 0;
		};
/* End PBXShellScriptBuildPhase section */

/* Begin PBXSourcesBuildPhase section */
		5CBC1DCA2106639D0008A6FF /* Sources */ = {
			isa = PBXSourcesBuildPhase;
			buildActionMask = 2147483647;
			files = (
				5CBC1DE5210668EA0008A6FF /* CustomViewController.swift in Sources */,
				5CBC1DD42106639D0008A6FF /* ViewController.swift in Sources */,
				5CBC1DD22106639D0008A6FF /* AppDelegate.swift in Sources */,
			);
			runOnlyForDeploymentPostprocessing = 0;
		};
/* End PBXSourcesBuildPhase section */

/* Begin PBXVariantGroup section */
		5CBC1DD52106639D0008A6FF /* Main.storyboard */ = {
			isa = PBXVariantGroup;
			children = (
				5CBC1DD62106639D0008A6FF /* Base */,
			);
			name = Main.storyboard;
			sourceTree = "<group>";
		};
		5CBC1DDA2106639F0008A6FF /* LaunchScreen.storyboard */ = {
			isa = PBXVariantGroup;
			children = (
				5CBC1DDB2106639F0008A6FF /* Base */,
			);
			name = LaunchScreen.storyboard;
			sourceTree = "<group>";
		};
/* End PBXVariantGroup section */

/* Begin XCBuildConfiguration section */
		5CBC1DDE2106639F0008A6FF /* Debug */ = {
			isa = XCBuildConfiguration;
			buildSettings = {
				ALWAYS_SEARCH_USER_PATHS = NO;
				CLANG_ANALYZER_NONNULL = YES;
				CLANG_ANALYZER_NUMBER_OBJECT_CONVERSION = YES_AGGRESSIVE;
				CLANG_CXX_LANGUAGE_STANDARD = "gnu++14";
				CLANG_CXX_LIBRARY = "libc++";
				CLANG_ENABLE_MODULES = YES;
				CLANG_ENABLE_OBJC_ARC = YES;
				CLANG_ENABLE_OBJC_WEAK = YES;
				CLANG_WARN_BLOCK_CAPTURE_AUTORELEASING = YES;
				CLANG_WARN_BOOL_CONVERSION = YES;
				CLANG_WARN_COMMA = YES;
				CLANG_WARN_CONSTANT_CONVERSION = YES;
				CLANG_WARN_DEPRECATED_OBJC_IMPLEMENTATIONS = YES;
				CLANG_WARN_DIRECT_OBJC_ISA_USAGE = YES_ERROR;
				CLANG_WARN_DOCUMENTATION_COMMENTS = YES;
				CLANG_WARN_EMPTY_BODY = YES;
				CLANG_WARN_ENUM_CONVERSION = YES;
				CLANG_WARN_INFINITE_RECURSION = YES;
				CLANG_WARN_INT_CONVERSION = YES;
				CLANG_WARN_NON_LITERAL_NULL_CONVERSION = YES;
				CLANG_WARN_OBJC_IMPLICIT_RETAIN_SELF = YES;
				CLANG_WARN_OBJC_LITERAL_CONVERSION = YES;
				CLANG_WARN_OBJC_ROOT_CLASS = YES_ERROR;
				CLANG_WARN_RANGE_LOOP_ANALYSIS = YES;
				CLANG_WARN_STRICT_PROTOTYPES = YES;
				CLANG_WARN_SUSPICIOUS_MOVE = YES;
				CLANG_WARN_UNGUARDED_AVAILABILITY = YES_AGGRESSIVE;
				CLANG_WARN_UNREACHABLE_CODE = YES;
				CLANG_WARN__DUPLICATE_METHOD_MATCH = YES;
				CODE_SIGN_IDENTITY = "iPhone Developer";
				COPY_PHASE_STRIP = NO;
				DEBUG_INFORMATION_FORMAT = dwarf;
				ENABLE_STRICT_OBJC_MSGSEND = YES;
				ENABLE_TESTABILITY = YES;
				GCC_C_LANGUAGE_STANDARD = gnu11;
				GCC_DYNAMIC_NO_PIC = NO;
				GCC_NO_COMMON_BLOCKS = YES;
				GCC_OPTIMIZATION_LEVEL = 0;
				GCC_PREPROCESSOR_DEFINITIONS = (
					"DEBUG=1",
					"$(inherited)",
				);
				GCC_WARN_64_TO_32_BIT_CONVERSION = YES;
				GCC_WARN_ABOUT_RETURN_TYPE = YES_ERROR;
				GCC_WARN_UNDECLARED_SELECTOR = YES;
				GCC_WARN_UNINITIALIZED_AUTOS = YES_AGGRESSIVE;
				GCC_WARN_UNUSED_FUNCTION = YES;
				GCC_WARN_UNUSED_VARIABLE = YES;
				MTL_ENABLE_DEBUG_INFO = YES;
				ONLY_ACTIVE_ARCH = YES;
				SDKROOT = iphoneos;
				SWIFT_ACTIVE_COMPILATION_CONDITIONS = DEBUG;
				SWIFT_OPTIMIZATION_LEVEL = "-Onone";
			};
			name = Debug;
		};
		5CBC1DDF2106639F0008A6FF /* Release */ = {
			isa = XCBuildConfiguration;
			buildSettings = {
				ALWAYS_SEARCH_USER_PATHS = NO;
				CLANG_ANALYZER_NONNULL = YES;
				CLANG_ANALYZER_NUMBER_OBJECT_CONVERSION = YES_AGGRESSIVE;
				CLANG_CXX_LANGUAGE_STANDARD = "gnu++14";
				CLANG_CXX_LIBRARY = "libc++";
				CLANG_ENABLE_MODULES = YES;
				CLANG_ENABLE_OBJC_ARC = YES;
				CLANG_ENABLE_OBJC_WEAK = YES;
				CLANG_WARN_BLOCK_CAPTURE_AUTORELEASING = YES;
				CLANG_WARN_BOOL_CONVERSION = YES;
				CLANG_WARN_COMMA = YES;
				CLANG_WARN_CONSTANT_CONVERSION = YES;
				CLANG_WARN_DEPRECATED_OBJC_IMPLEMENTATIONS = YES;
				CLANG_WARN_DIRECT_OBJC_ISA_USAGE = YES_ERROR;
				CLANG_WARN_DOCUMENTATION_COMMENTS = YES;
				CLANG_WARN_EMPTY_BODY = YES;
				CLANG_WARN_ENUM_CONVERSION = YES;
				CLANG_WARN_INFINITE_RECURSION = YES;
				CLANG_WARN_INT_CONVERSION = YES;
				CLANG_WARN_NON_LITERAL_NULL_CONVERSION = YES;
				CLANG_WARN_OBJC_IMPLICIT_RETAIN_SELF = YES;
				CLANG_WARN_OBJC_LITERAL_CONVERSION = YES;
				CLANG_WARN_OBJC_ROOT_CLASS = YES_ERROR;
				CLANG_WARN_RANGE_LOOP_ANALYSIS = YES;
				CLANG_WARN_STRICT_PROTOTYPES = YES;
				CLANG_WARN_SUSPICIOUS_MOVE = YES;
				CLANG_WARN_UNGUARDED_AVAILABILITY = YES_AGGRESSIVE;
				CLANG_WARN_UNREACHABLE_CODE = YES;
				CLANG_WARN__DUPLICATE_METHOD_MATCH = YES;
				CODE_SIGN_IDENTITY = "iPhone Developer";
				COPY_PHASE_STRIP = NO;
				DEBUG_INFORMATION_FORMAT = "dwarf-with-dsym";
				ENABLE_NS_ASSERTIONS = NO;
				ENABLE_STRICT_OBJC_MSGSEND = YES;
				GCC_C_LANGUAGE_STANDARD = gnu11;
				GCC_NO_COMMON_BLOCKS = YES;
				GCC_WARN_64_TO_32_BIT_CONVERSION = YES;
				GCC_WARN_ABOUT_RETURN_TYPE = YES_ERROR;
				GCC_WARN_UNDECLARED_SELECTOR = YES;
				GCC_WARN_UNINITIALIZED_AUTOS = YES_AGGRESSIVE;
				GCC_WARN_UNUSED_FUNCTION = YES;
				GCC_WARN_UNUSED_VARIABLE = YES;
				MTL_ENABLE_DEBUG_INFO = NO;
				SDKROOT = iphoneos;
				SWIFT_COMPILATION_MODE = wholemodule;
				SWIFT_OPTIMIZATION_LEVEL = "-O";
				VALIDATE_PRODUCT = YES;
			};
			name = Release;
		};
		5CBC1DE12106639F0008A6FF /* Debug */ = {
			isa = XCBuildConfiguration;
			baseConfigurationReference = 349E25324D9444CE173AE03F /* Pods-All-Sample.debug.xcconfig */;
			buildSettings = {
				ASSETCATALOG_COMPILER_APPICON_NAME = AppIcon;
				CODE_SIGN_STYLE = Automatic;
				DEVELOPMENT_TEAM = 63YL5QDMNS;
				INFOPLIST_FILE = Sample/Info.plist;
				IPHONEOS_DEPLOYMENT_TARGET = 9.0;
				LD_RUNPATH_SEARCH_PATHS = "$(inherited) @executable_path/Frameworks";
				PRODUCT_BUNDLE_IDENTIFIER = cn.meniny.PopupAlertController.Sample;
				PRODUCT_NAME = "$(TARGET_NAME)";
				SWIFT_VERSION = 5.0;
				TARGETED_DEVICE_FAMILY = "1,2";
			};
			name = Debug;
		};
		5CBC1DE22106639F0008A6FF /* Release */ = {
			isa = XCBuildConfiguration;
			baseConfigurationReference = 815051A35DDA83A9EC752D36 /* Pods-All-Sample.release.xcconfig */;
			buildSettings = {
				ASSETCATALOG_COMPILER_APPICON_NAME = AppIcon;
				CODE_SIGN_STYLE = Automatic;
				DEVELOPMENT_TEAM = 63YL5QDMNS;
				INFOPLIST_FILE = Sample/Info.plist;
				IPHONEOS_DEPLOYMENT_TARGET = 9.0;
				LD_RUNPATH_SEARCH_PATHS = "$(inherited) @executable_path/Frameworks";
				PRODUCT_BUNDLE_IDENTIFIER = cn.meniny.PopupAlertController.Sample;
				PRODUCT_NAME = "$(TARGET_NAME)";
				SWIFT_VERSION = 5.0;
				TARGETED_DEVICE_FAMILY = "1,2";
			};
			name = Release;
		};
/* End XCBuildConfiguration section */

/* Begin XCConfigurationList section */
		5CBC1DC92106639D0008A6FF /* Build configuration list for PBXProject "Sample" */ = {
			isa = XCConfigurationList;
			buildConfigurations = (
				5CBC1DDE2106639F0008A6FF /* Debug */,
				5CBC1DDF2106639F0008A6FF /* Release */,
			);
			defaultConfigurationIsVisible = 0;
			defaultConfigurationName = Release;
		};
		5CBC1DE02106639F0008A6FF /* Build configuration list for PBXNativeTarget "Sample" */ = {
			isa = XCConfigurationList;
			buildConfigurations = (
				5CBC1DE12106639F0008A6FF /* Debug */,
				5CBC1DE22106639F0008A6FF /* Release */,
			);
			defaultConfigurationIsVisible = 0;
			defaultConfigurationName = Release;
		};
/* End XCConfigurationList section */
	};
	rootObject = 5CBC1DC62106639D0008A6FF /* Project object */;
}
