PODS:
  - EABlurView (1.0.0):
    - EABlurView/Core (= 1.0.0)
  - EABlurView/Core (1.0.0)
  - PopupAlertController (1.1.0):
    - EABlurView

DEPENDENCIES:
  - PopupAlertController (from `../`)

SPEC REPOS:
  https://github.com/cocoapods/specs.git:
    - EABlurView

EXTERNAL SOURCES:
  PopupAlertController:
    :path: "../"

SPEC CHECKSUMS:
  EABlurView: 832b77e54d9a7a9759b50c76c6440ee4172067b1
  PopupAlertController: 8d0fa6783f3aefcb83ab878636ef880042b7eef7

PODFILE CHECKSUM: a19124d2ebe9982a9ea98fae9b8019fa2920628c

COCOAPODS: 1.5.2
